# generated by rye
# use `rye lock` or `rye sync` to update this lockfile
#
# last locked with the following flags:
#   pre: false
#   features: []
#   all-features: false
#   with-sources: false

-e file:.
absl-py==2.1.0
    # via tensorboard
    # via tensorflow-intel
    # via wyzely-detect
anyio==4.3.0
    # via httpx
astunparse==1.6.3
    # via tensorflow-intel
beautifulsoup4==4.12.3
    # via gdown
blinker==1.7.0
    # via flask
cachetools==5.3.3
    # via google-auth
certifi==2024.2.2
    # via httpcore
    # via httpx
    # via requests
charset-normalizer==3.3.2
    # via requests
click==8.1.7
    # via flask
colorama==0.4.6
    # via click
    # via tqdm
contourpy==1.2.0
    # via matplotlib
cycler==0.12.1
    # via matplotlib
deepface==0.0.85
    # via wyzely-detect
exceptiongroup==1.2.0
    # via anyio
filelock==3.13.1
    # via gdown
    # via torch
fire==0.5.0
    # via deepface
flask==3.0.2
    # via deepface
flatbuffers==24.3.7
    # via tensorflow-intel
fonttools==4.49.0
    # via matplotlib
fsspec==2024.2.0
    # via torch
gast==0.4.0
    # via tensorflow-intel
gdown==5.1.0
    # via deepface
    # via retina-face
google-auth==2.28.2
    # via google-auth-oauthlib
    # via tensorboard
google-auth-oauthlib==1.0.0
    # via tensorboard
google-pasta==0.2.0
    # via tensorflow-intel
grpcio==1.62.1
    # via tensorboard
    # via tensorflow-intel
gunicorn==21.2.0
    # via deepface
h11==0.14.0
    # via httpcore
h5py==3.10.0
    # via tensorflow-intel
hjson==3.1.0
    # via wyzely-detect
httpcore==1.0.4
    # via httpx
httpx==0.25.2
    # via wyzely-detect
idna==3.6
    # via anyio
    # via httpx
    # via requests
itsdangerous==2.1.2
    # via flask
jinja2==3.1.3
    # via flask
    # via torch
keras==2.13.1
    # via deepface
    # via mtcnn
    # via tensorflow-intel
kiwisolver==1.4.5
    # via matplotlib
libclang==16.0.6
    # via tensorflow-intel
markdown==3.5.2
    # via tensorboard
markupsafe==2.1.5
    # via jinja2
    # via werkzeug
matplotlib==3.8.3
    # via seaborn
    # via ultralytics
mpmath==1.3.0
    # via sympy
mtcnn==0.1.1
    # via deepface
networkx==3.2.1
    # via torch
numpy==1.24.3
    # via contourpy
    # via deepface
    # via h5py
    # via matplotlib
    # via opencv-python
    # via opt-einsum
    # via pandas
    # via retina-face
    # via scipy
    # via seaborn
    # via tensorboard
    # via tensorflow-intel
    # via torchvision
    # via wyzely-detect
oauthlib==3.2.2
    # via requests-oauthlib
opencv-python==4.8.1.78
    # via deepface
    # via mtcnn
    # via retina-face
    # via ultralytics
    # via wyzely-detect
opt-einsum==3.3.0
    # via tensorflow-intel
packaging==23.2
    # via gunicorn
    # via matplotlib
    # via tensorflow-intel
pandas==2.2.1
    # via deepface
    # via seaborn
    # via ultralytics
pillow==10.2.0
    # via deepface
    # via matplotlib
    # via retina-face
    # via torchvision
    # via ultralytics
prettytable==3.10.0
    # via wyzely-detect
protobuf==4.25.3
    # via tensorboard
    # via tensorflow-intel
psutil==5.9.8
    # via ultralytics
py-cpuinfo==9.0.0
    # via ultralytics
pyasn1==0.5.1
    # via pyasn1-modules
    # via rsa
pyasn1-modules==0.3.0
    # via google-auth
pyparsing==3.1.2
    # via matplotlib
pysocks==1.7.1
    # via requests
python-dateutil==2.9.0.post0
    # via matplotlib
    # via pandas
python-dotenv==1.0.1
    # via wyzely-detect
pytz==2024.1
    # via pandas
pyyaml==6.0.1
    # via ultralytics
requests==2.31.0
    # via gdown
    # via requests-oauthlib
    # via tensorboard
    # via torchvision
    # via ultralytics
requests-oauthlib==1.3.1
    # via google-auth-oauthlib
retina-face==0.0.14
    # via deepface
rsa==4.9
    # via google-auth
scipy==1.12.0
    # via ultralytics
seaborn==0.13.2
    # via ultralytics
six==1.16.0
    # via astunparse
    # via fire
    # via google-pasta
    # via python-dateutil
    # via tensorflow-intel
sniffio==1.3.1
    # via anyio
    # via httpx
soupsieve==2.5
    # via beautifulsoup4
sympy==1.12
    # via torch
tensorboard==2.13.0
    # via tensorflow-intel
tensorboard-data-server==0.7.2
    # via tensorboard
tensorflow==2.13.1
    # via deepface
    # via retina-face
    # via wyzely-detect
tensorflow-estimator==2.13.0
    # via tensorflow-intel
tensorflow-intel==2.13.1 ; platform_system == "Windows"
    # via tensorflow
    # via wyzely-detect
tensorflow-io-gcs-filesystem==0.31.0 ; platform_system == "Windows"
    # via tensorflow-intel
    # via wyzely-detect
termcolor==2.4.0
    # via fire
    # via tensorflow-intel
thop==0.1.1.post2209072238
    # via ultralytics
torch==2.1.2
    # via thop
    # via torchvision
    # via ultralytics
    # via wyzely-detect
torchvision==0.16.2
    # via ultralytics
tqdm==4.66.2
    # via deepface
    # via gdown
    # via ultralytics
typing-extensions==4.5.0
    # via anyio
    # via tensorflow-intel
    # via torch
tzdata==2024.1
    # via pandas
ultralytics==8.1.24
    # via wyzely-detect
urllib3==2.2.1
    # via requests
wcwidth==0.2.13
    # via prettytable
werkzeug==3.0.1
    # via flask
    # via tensorboard
wheel==0.42.0
    # via astunparse
    # via tensorboard
wrapt==1.16.0
    # via tensorflow-intel
setuptools==69.1.1
    # via tensorboard
    # via tensorflow-intel
